
Microsoft Visual Studio Solution File, Format Version 12.00
# Visual Studio Version 16
VisualStudioVersion = 16.0.31829.152
MinimumVisualStudioVersion = 10.0.40219.1
Project("{9A19103F-16F7-4668-BE54-9A1E7A4F7556}") = "CalculatorAPI", "CalculatorAPI.csproj", "{C23D9DD3-69DD-479F-AC63-83896E8521DF}"
EndProject
Project("{9A19103F-16F7-4668-BE54-9A1E7A4F7556}") = "CalculatorTest", "..\CalculatorTest\CalculatorTest.csproj", "{EE20A505-4E01-477B-B16A-E7F07D84FF4F}"
EndProject
Project("{FAE04EC0-301F-11D3-BF4B-00C04F79EFBC}") = "CalculatorBL", "..\CalculatorBL\CalculatorBL.csproj", "{F20266AC-A079-4B6D-BEA6-7548EBEC3155}"
EndProject
Project("{FAE04EC0-301F-11D3-BF4B-00C04F79EFBC}") = "CalculatorBLTest", "..\CalculatorBLTest\CalculatorBLTest.csproj", "{31AEE4B6-8DFF-4DBD-B8A8-E637087A5716}"
EndProject
Global
	GlobalSection(SolutionConfigurationPlatforms) = preSolution
		Debug|Any CPU = Debug|Any CPU
		Release|Any CPU = Release|Any CPU
	EndGlobalSection
	GlobalSection(ProjectConfigurationPlatforms) = postSolution
		{C23D9DD3-69DD-479F-AC63-83896E8521DF}.Debug|Any CPU.ActiveCfg = Debug|Any CPU
		{C23D9DD3-69DD-479F-AC63-83896E8521DF}.Debug|Any CPU.Build.0 = Debug|Any CPU
		{C23D9DD3-69DD-479F-AC63-83896E8521DF}.Release|Any CPU.ActiveCfg = Release|Any CPU
		{C23D9DD3-69DD-479F-AC63-83896E8521DF}.Release|Any CPU.Build.0 = Release|Any CPU
		{EE20A505-4E01-477B-B16A-E7F07D84FF4F}.Debug|Any CPU.ActiveCfg = Debug|Any CPU
		{EE20A505-4E01-477B-B16A-E7F07D84FF4F}.Debug|Any CPU.Build.0 = Debug|Any CPU
		{EE20A505-4E01-477B-B16A-E7F07D84FF4F}.Release|Any CPU.ActiveCfg = Release|Any CPU
		{EE20A505-4E01-477B-B16A-E7F07D84FF4F}.Release|Any CPU.Build.0 = Release|Any CPU
		{F20266AC-A079-4B6D-BEA6-7548EBEC3155}.Debug|Any CPU.ActiveCfg = Debug|Any CPU
		{F20266AC-A079-4B6D-BEA6-7548EBEC3155}.Debug|Any CPU.Build.0 = Debug|Any CPU
		{F20266AC-A079-4B6D-BEA6-7548EBEC3155}.Release|Any CPU.ActiveCfg = Release|Any CPU
		{F20266AC-A079-4B6D-BEA6-7548EBEC3155}.Release|Any CPU.Build.0 = Release|Any CPU
		{31AEE4B6-8DFF-4DBD-B8A8-E637087A5716}.Debug|Any CPU.ActiveCfg = Debug|Any CPU
		{31AEE4B6-8DFF-4DBD-B8A8-E637087A5716}.Debug|Any CPU.Build.0 = Debug|Any CPU
		{31AEE4B6-8DFF-4DBD-B8A8-E637087A5716}.Release|Any CPU.ActiveCfg = Release|Any CPU
		{31AEE4B6-8DFF-4DBD-B8A8-E637087A5716}.Release|Any CPU.Build.0 = Release|Any CPU
	EndGlobalSection
	GlobalSection(SolutionProperties) = preSolution
		HideSolutionNode = FALSE
	EndGlobalSection
	GlobalSection(ExtensibilityGlobals) = postSolution
		SolutionGuid = {193C3619-A382-4346-95A8-7E320720E9C0}
	EndGlobalSection
EndGlobal
